// !$*UTF8*$!
{
	archiveVersion = 1;
	classes = {
	};
	objectVersion = 55;
	objects = {

/* Begin PBXBuildFile section */
		95CFCAC1281A1C0000C72123 /* primary_detail_swiftApp.swift in Sources */ = {isa = PBXBuildFile; fileRef = 95CFCAC0281A1C0000C72123 /* primary_detail_swiftApp.swift */; };
		95CFCAC3281A1C0000C72123 /* ContentView.swift in Sources */ = {isa = PBXBuildFile; fileRef = 95CFCAC2281A1C0000C72123 /* ContentView.swift */; };
		95CFCAC5281A1C0200C72123 /* Assets.xcassets in Resources */ = {isa = PBXBuildFile; fileRef = 95CFCAC4281A1C0200C72123 /* Assets.xcassets */; };
		95CFCAC8281A1C0200C72123 /* Preview Assets.xcassets in Resources */ = {isa = PBXBuildFile; fileRef = 95CFCAC7281A1C0200C72123 /* Preview Assets.xcassets */; };
		95CFCAD2281A1C0200C72123 /* primary_detail_swiftTests.swift in Sources */ = {isa = PBXBuildFile; fileRef = 95CFCAD1281A1C0200C72123 /* primary_detail_swiftTests.swift */; };
		95CFCADC281A1C0200C72123 /* primary_detail_swiftUITests.swift in Sources */ = {isa = PBXBuildFile; fileRef = 95CFCADB281A1C0200C72123 /* primary_detail_swiftUITests.swift */; };
		95CFCADE281A1C0200C72123 /* primary_detail_swiftUITestsLaunchTests.swift in Sources */ = {isa = PBXBuildFile; fileRef = 95CFCADD281A1C0200C72123 /* primary_detail_swiftUITestsLaunchTests.swift */; };
		95CFCAEB281A1C8000C72123 /* PostsList.swift in Sources */ = {isa = PBXBuildFile; fileRef = 95CFCAEA281A1C8000C72123 /* PostsList.swift */; };
		95CFCAED281A1D9B00C72123 /* Post.swift in Sources */ = {isa = PBXBuildFile; fileRef = 95CFCAEC281A1D9B00C72123 /* Post.swift */; };
		95CFCAEF281A1EC600C72123 /* Network.swift in Sources */ = {isa = PBXBuildFile; fileRef = 95CFCAEE281A1EC600C72123 /* Network.swift */; };
		95CFCAF3281A243700C72123 /* PostRow.swift in Sources */ = {isa = PBXBuildFile; fileRef = 95CFCAF2281A243700C72123 /* PostRow.swift */; };
		95CFCAFC281A28FD00C72123 /* PostDetail.swift in Sources */ = {isa = PBXBuildFile; fileRef = 95CFCAFB281A28FD00C72123 /* PostDetail.swift */; };
/* End PBXBuildFile section */

/* Begin PBXContainerItemProxy section */
		95CFCACE281A1C0200C72123 /* PBXContainerItemProxy */ = {
			isa = PBXContainerItemProxy;
			containerPortal = 95CFCAB5281A1C0000C72123 /* Project object */;
			proxyType = 1;
			remoteGlobalIDString = 95CFCABC281A1C0000C72123;
			remoteInfo = "primary-detail-swift";
		};
		95CFCAD8281A1C0200C72123 /* PBXContainerItemProxy */ = {
			isa = PBXContainerItemProxy;
			containerPortal = 95CFCAB5281A1C0000C72123 /* Project object */;
			proxyType = 1;
			remoteGlobalIDString = 95CFCABC281A1C0000C72123;
			remoteInfo = "primary-detail-swift";
		};
/* End PBXContainerItemProxy section */

/* Begin PBXFileReference section */
		95CFCABD281A1C0000C72123 /* primary-detail-swift.app */ = {isa = PBXFileReference; explicitFileType = wrapper.application; includeInIndex = 0; path = "primary-detail-swift.app"; sourceTree = BUILT_PRODUCTS_DIR; };
		95CFCAC0281A1C0000C72123 /* primary_detail_swiftApp.swift */ = {isa = PBXFileReference; lastKnownFileType = sourcecode.swift; path = primary_detail_swiftApp.swift; sourceTree = "<group>"; };
		95CFCAC2281A1C0000C72123 /* ContentView.swift */ = {isa = PBXFileReference; lastKnownFileType = sourcecode.swift; path = ContentView.swift; sourceTree = "<group>"; };
		95CFCAC4281A1C0200C72123 /* Assets.xcassets */ = {isa = PBXFileReference; lastKnownFileType = folder.assetcatalog; path = Assets.xcassets; sourceTree = "<group>"; };
		95CFCAC7281A1C0200C72123 /* Preview Assets.xcassets */ = {isa = PBXFileReference; lastKnownFileType = folder.assetcatalog; path = "Preview Assets.xcassets"; sourceTree = "<group>"; };
		95CFCACD281A1C0200C72123 /* primary-detail-swiftTests.xctest */ = {isa = PBXFileReference; explicitFileType = wrapper.cfbundle; includeInIndex = 0; path = "primary-detail-swiftTests.xctest"; sourceTree = BUILT_PRODUCTS_DIR; };
		95CFCAD1281A1C0200C72123 /* primary_detail_swiftTests.swift */ = {isa = PBXFileReference; lastKnownFileType = sourcecode.swift; path = primary_detail_swiftTests.swift; sourceTree = "<group>"; };
		95CFCAD7281A1C0200C72123 /* primary-detail-swiftUITests.xctest */ = {isa = PBXFileReference; explicitFileType = wrapper.cfbundle; includeInIndex = 0; path = "primary-detail-swiftUITests.xctest"; sourceTree = BUILT_PRODUCTS_DIR; };
		95CFCADB281A1C0200C72123 /* primary_detail_swiftUITests.swift */ = {isa = PBXFileReference; lastKnownFileType = sourcecode.swift; path = primary_detail_swiftUITests.swift; sourceTree = "<group>"; };
		95CFCADD281A1C0200C72123 /* primary_detail_swiftUITestsLaunchTests.swift */ = {isa = PBXFileReference; lastKnownFileType = sourcecode.swift; path = primary_detail_swiftUITestsLaunchTests.swift; sourceTree = "<group>"; };
		95CFCAEA281A1C8000C72123 /* PostsList.swift */ = {isa = PBXFileReference; lastKnownFileType = sourcecode.swift; path = PostsList.swift; sourceTree = "<group>"; };
		95CFCAEC281A1D9B00C72123 /* Post.swift */ = {isa = PBXFileReference; lastKnownFileType = sourcecode.swift; path = Post.swift; sourceTree = "<group>"; };
		95CFCAEE281A1EC600C72123 /* Network.swift */ = {isa = PBXFileReference; lastKnownFileType = sourcecode.swift; path = Network.swift; sourceTree = "<group>"; };
		95CFCAF2281A243700C72123 /* PostRow.swift */ = {isa = PBXFileReference; lastKnownFileType = sourcecode.swift; path = PostRow.swift; sourceTree = "<group>"; };
		95CFCAFB281A28FD00C72123 /* PostDetail.swift */ = {isa = PBXFileReference; lastKnownFileType = sourcecode.swift; path = PostDetail.swift; sourceTree = "<group>"; };
/* End PBXFileReference section */

/* Begin PBXFrameworksBuildPhase section */
		95CFCABA281A1C0000C72123 /* Frameworks */ = {
			isa = PBXFrameworksBuildPhase;
			buildActionMask = 2147483647;
			files = (
			);
			runOnlyForDeploymentPostprocessing = 0;
		};
		95CFCACA281A1C0200C72123 /* Frameworks */ = {
			isa = PBXFrameworksBuildPhase;
			buildActionMask = 2147483647;
			files = (
			);
			runOnlyForDeploymentPostprocessing = 0;
		};
		95CFCAD4281A1C0200C72123 /* Frameworks */ = {
			isa = PBXFrameworksBuildPhase;
			buildActionMask = 2147483647;
			files = (
			);
			runOnlyForDeploymentPostprocessing = 0;
		};
/* End PBXFrameworksBuildPhase section */

/* Begin PBXGroup section */
		95CFCAB4281A1C0000C72123 = {
			isa = PBXGroup;
			children = (
				95CFCABF281A1C0000C72123 /* primary-detail-swift */,
				95CFCAD0281A1C0200C72123 /* primary-detail-swiftTests */,
				95CFCADA281A1C0200C72123 /* primary-detail-swiftUITests */,
				95CFCABE281A1C0000C72123 /* Products */,
			);
			sourceTree = "<group>";
		};
		95CFCABE281A1C0000C72123 /* Products */ = {
			isa = PBXGroup;
			children = (
				95CFCABD281A1C0000C72123 /* primary-detail-swift.app */,
				95CFCACD281A1C0200C72123 /* primary-detail-swiftTests.xctest */,
				95CFCAD7281A1C0200C72123 /* primary-detail-swiftUITests.xctest */,
			);
			name = Products;
			sourceTree = "<group>";
		};
		95CFCABF281A1C0000C72123 /* primary-detail-swift */ = {
			isa = PBXGroup;
			children = (
				95CFCAF6281A254000C72123 /* Resources */,
				95CFCAF1281A239000C72123 /* Views */,
				95CFCAF0281A238800C72123 /* Model */,
				95CFCAEE281A1EC600C72123 /* Network.swift */,
				95CFCAC0281A1C0000C72123 /* primary_detail_swiftApp.swift */,
				95CFCAC4281A1C0200C72123 /* Assets.xcassets */,
				95CFCAC6281A1C0200C72123 /* Preview Content */,
			);
			path = "primary-detail-swift";
			sourceTree = "<group>";
		};
		95CFCAC6281A1C0200C72123 /* Preview Content */ = {
			isa = PBXGroup;
			children = (
				95CFCAC7281A1C0200C72123 /* Preview Assets.xcassets */,
			);
			path = "Preview Content";
			sourceTree = "<group>";
		};
		95CFCAD0281A1C0200C72123 /* primary-detail-swiftTests */ = {
			isa = PBXGroup;
			children = (
				95CFCAD1281A1C0200C72123 /* primary_detail_swiftTests.swift */,
			);
			path = "primary-detail-swiftTests";
			sourceTree = "<group>";
		};
		95CFCADA281A1C0200C72123 /* primary-detail-swiftUITests */ = {
			isa = PBXGroup;
			children = (
				95CFCADB281A1C0200C72123 /* primary_detail_swiftUITests.swift */,
				95CFCADD281A1C0200C72123 /* primary_detail_swiftUITestsLaunchTests.swift */,
			);
			path = "primary-detail-swiftUITests";
			sourceTree = "<group>";
		};
		95CFCAF0281A238800C72123 /* Model */ = {
			isa = PBXGroup;
			children = (
				95CFCAEC281A1D9B00C72123 /* Post.swift */,
			);
			path = Model;
			sourceTree = "<group>";
		};
		95CFCAF1281A239000C72123 /* Views */ = {
			isa = PBXGroup;
			children = (
				95CFCAEA281A1C8000C72123 /* PostsList.swift */,
				95CFCAC2281A1C0000C72123 /* ContentView.swift */,
				95CFCAF2281A243700C72123 /* PostRow.swift */,
				95CFCAFB281A28FD00C72123 /* PostDetail.swift */,
			);
			path = Views;
			sourceTree = "<group>";
		};
		95CFCAF6281A254000C72123 /* Resources */ = {
			isa = PBXGroup;
			children = (
			);
			path = Resources;
			sourceTree = "<group>";
		};
/* End PBXGroup section */

/* Begin PBXNativeTarget section */
		95CFCABC281A1C0000C72123 /* primary-detail-swift */ = {
			isa = PBXNativeTarget;
			buildConfigurationList = 95CFCAE1281A1C0200C72123 /* Build configuration list for PBXNativeTarget "primary-detail-swift" */;
			buildPhases = (
				95CFCAB9281A1C0000C72123 /* Sources */,
				95CFCABA281A1C0000C72123 /* Frameworks */,
				95CFCABB281A1C0000C72123 /* Resources */,
			);
			buildRules = (
			);
			dependencies = (
			);
			name = "primary-detail-swift";
			productName = "primary-detail-swift";
			productReference = 95CFCABD281A1C0000C72123 /* primary-detail-swift.app */;
			productType = "com.apple.product-type.application";
		};
		95CFCACC281A1C0200C72123 /* primary-detail-swiftTests */ = {
			isa = PBXNativeTarget;
			buildConfigurationList = 95CFCAE4281A1C0200C72123 /* Build configuration list for PBXNativeTarget "primary-detail-swiftTests" */;
			buildPhases = (
				95CFCAC9281A1C0200C72123 /* Sources */,
				95CFCACA281A1C0200C72123 /* Frameworks */,
				95CFCACB281A1C0200C72123 /* Resources */,
			);
			buildRules = (
			);
			dependencies = (
				95CFCACF281A1C0200C72123 /* PBXTargetDependency */,
			);
			name = "primary-detail-swiftTests";
			productName = "primary-detail-swiftTests";
			productReference = 95CFCACD281A1C0200C72123 /* primary-detail-swiftTests.xctest */;
			productType = "com.apple.product-type.bundle.unit-test";
		};
		95CFCAD6281A1C0200C72123 /* primary-detail-swiftUITests */ = {
			isa = PBXNativeTarget;
			buildConfigurationList = 95CFCAE7281A1C0200C72123 /* Build configuration list for PBXNativeTarget "primary-detail-swiftUITests" */;
			buildPhases = (
				95CFCAD3281A1C0200C72123 /* Sources */,
				95CFCAD4281A1C0200C72123 /* Frameworks */,
				95CFCAD5281A1C0200C72123 /* Resources */,
			);
			buildRules = (
			);
			dependencies = (
				95CFCAD9281A1C0200C72123 /* PBXTargetDependency */,
			);
			name = "primary-detail-swiftUITests";
			productName = "primary-detail-swiftUITests";
			productReference = 95CFCAD7281A1C0200C72123 /* primary-detail-swiftUITests.xctest */;
			productType = "com.apple.product-type.bundle.ui-testing";
		};
/* End PBXNativeTarget section */

/* Begin PBXProject section */
		95CFCAB5281A1C0000C72123 /* Project object */ = {
			isa = PBXProject;
			attributes = {
				BuildIndependentTargetsInParallel = 1;
				LastSwiftUpdateCheck = 1330;
				LastUpgradeCheck = 1330;
				TargetAttributes = {
					95CFCABC281A1C0000C72123 = {
						CreatedOnToolsVersion = 13.3.1;
					};
					95CFCACC281A1C0200C72123 = {
						CreatedOnToolsVersion = 13.3.1;
						TestTargetID = 95CFCABC281A1C0000C72123;
					};
					95CFCAD6281A1C0200C72123 = {
						CreatedOnToolsVersion = 13.3.1;
						TestTargetID = 95CFCABC281A1C0000C72123;
					};
				};
			};
			buildConfigurationList = 95CFCAB8281A1C0000C72123 /* Build configuration list for PBXProject "primary-detail-swift" */;
			compatibilityVersion = "Xcode 13.0";
			developmentRegion = en;
			hasScannedForEncodings = 0;
			knownRegions = (
				en,
				Base,
			);
			mainGroup = 95CFCAB4281A1C0000C72123;
			productRefGroup = 95CFCABE281A1C0000C72123 /* Products */;
			projectDirPath = "";
			projectRoot = "";
			targets = (
				95CFCABC281A1C0000C72123 /* primary-detail-swift */,
				95CFCACC281A1C0200C72123 /* primary-detail-swiftTests */,
				95CFCAD6281A1C0200C72123 /* primary-detail-swiftUITests */,
			);
		};
/* End PBXProject section */

/* Begin PBXResourcesBuildPhase section */
		95CFCABB281A1C0000C72123 /* Resources */ = {
			isa = PBXResourcesBuildPhase;
			buildActionMask = 2147483647;
			files = (
				95CFCAC8281A1C0200C72123 /* Preview Assets.xcassets in Resources */,
				95CFCAC5281A1C0200C72123 /* Assets.xcassets in Resources */,
			);
			runOnlyForDeploymentPostprocessing = 0;
		};
		95CFCACB281A1C0200C72123 /* Resources */ = {
			isa = PBXResourcesBuildPhase;
			buildActionMask = 2147483647;
			files = (
			);
			runOnlyForDeploymentPostprocessing = 0;
		};
		95CFCAD5281A1C0200C72123 /* Resources */ = {
			isa = PBXResourcesBuildPhase;
			buildActionMask = 2147483647;
			files = (
			);
			runOnlyForDeploymentPostprocessing = 0;
		};
/* End PBXResourcesBuildPhase section */

/* Begin PBXSourcesBuildPhase section */
		95CFCAB9281A1C0000C72123 /* Sources */ = {
			isa = PBXSourcesBuildPhase;
			buildActionMask = 2147483647;
			files = (
				95CFCAC3281A1C0000C72123 /* ContentView.swift in Sources */,
				95CFCAEB281A1C8000C72123 /* PostsList.swift in Sources */,
				95CFCAEF281A1EC600C72123 /* Network.swift in Sources */,
				95CFCAC1281A1C0000C72123 /* primary_detail_swiftApp.swift in Sources */,
				95CFCAFC281A28FD00C72123 /* PostDetail.swift in Sources */,
				95CFCAF3281A243700C72123 /* PostRow.swift in Sources */,
				95CFCAED281A1D9B00C72123 /* Post.swift in Sources */,
			);
			runOnlyForDeploymentPostprocessing = 0;
		};
		95CFCAC9281A1C0200C72123 /* Sources */ = {
			isa = PBXSourcesBuildPhase;
			buildActionMask = 2147483647;
			files = (
				95CFCAD2281A1C0200C72123 /* primary_detail_swiftTests.swift in Sources */,
			);
			runOnlyForDeploymentPostprocessing = 0;
		};
		95CFCAD3281A1C0200C72123 /* Sources */ = {
			isa = PBXSourcesBuildPhase;
			buildActionMask = 2147483647;
			files = (
				95CFCADE281A1C0200C72123 /* primary_detail_swiftUITestsLaunchTests.swift in Sources */,
				95CFCADC281A1C0200C72123 /* primary_detail_swiftUITests.swift in Sources */,
			);
			runOnlyForDeploymentPostprocessing = 0;
		};
/* End PBXSourcesBuildPhase section */

/* Begin PBXTargetDependency section */
		95CFCACF281A1C0200C72123 /* PBXTargetDependency */ = {
			isa = PBXTargetDependency;
			target = 95CFCABC281A1C0000C72123 /* primary-detail-swift */;
			targetProxy = 95CFCACE281A1C0200C72123 /* PBXContainerItemProxy */;
		};
		95CFCAD9281A1C0200C72123 /* PBXTargetDependency */ = {
			isa = PBXTargetDependency;
			target = 95CFCABC281A1C0000C72123 /* primary-detail-swift */;
			targetProxy = 95CFCAD8281A1C0200C72123 /* PBXContainerItemProxy */;
		};
/* End PBXTargetDependency section */

/* Begin XCBuildConfiguration section */
		95CFCADF281A1C0200C72123 /* Debug */ = {
			isa = XCBuildConfiguration;
			buildSettings = {
				ALWAYS_SEARCH_USER_PATHS = NO;
				CLANG_ANALYZER_NONNULL = YES;
				CLANG_ANALYZER_NUMBER_OBJECT_CONVERSION = YES_AGGRESSIVE;
				CLANG_CXX_LANGUAGE_STANDARD = "gnu++17";
				CLANG_ENABLE_MODULES = YES;
				CLANG_ENABLE_OBJC_ARC = YES;
				CLANG_ENABLE_OBJC_WEAK = YES;
				CLANG_WARN_BLOCK_CAPTURE_AUTORELEASING = YES;
				CLANG_WARN_BOOL_CONVERSION = YES;
				CLANG_WARN_COMMA = YES;
				CLANG_WARN_CONSTANT_CONVERSION = YES;
				CLANG_WARN_DEPRECATED_OBJC_IMPLEMENTATIONS = YES;
				CLANG_WARN_DIRECT_OBJC_ISA_USAGE = YES_ERROR;
				CLANG_WARN_DOCUMENTATION_COMMENTS = YES;
				CLANG_WARN_EMPTY_BODY = YES;
				CLANG_WARN_ENUM_CONVERSION = YES;
				CLANG_WARN_INFINITE_RECURSION = YES;
				CLANG_WARN_INT_CONVERSION = YES;
				CLANG_WARN_NON_LITERAL_NULL_CONVERSION = YES;
				CLANG_WARN_OBJC_IMPLICIT_RETAIN_SELF = YES;
				CLANG_WARN_OBJC_LITERAL_CONVERSION = YES;
				CLANG_WARN_OBJC_ROOT_CLASS = YES_ERROR;
				CLANG_WARN_QUOTED_INCLUDE_IN_FRAMEWORK_HEADER = YES;
				CLANG_WARN_RANGE_LOOP_ANALYSIS = YES;
				CLANG_WARN_STRICT_PROTOTYPES = YES;
				CLANG_WARN_SUSPICIOUS_MOVE = YES;
				CLANG_WARN_UNGUARDED_AVAILABILITY = YES_AGGRESSIVE;
				CLANG_WARN_UNREACHABLE_CODE = YES;
				CLANG_WARN__DUPLICATE_METHOD_MATCH = YES;
				COPY_PHASE_STRIP = NO;
				DEBUG_INFORMATION_FORMAT = dwarf;
				ENABLE_STRICT_OBJC_MSGSEND = YES;
				ENABLE_TESTABILITY = YES;
				GCC_C_LANGUAGE_STANDARD = gnu11;
				GCC_DYNAMIC_NO_PIC = NO;
				GCC_NO_COMMON_BLOCKS = YES;
				GCC_OPTIMIZATION_LEVEL = 0;
				GCC_PREPROCESSOR_DEFINITIONS = (
					"DEBUG=1",
					"$(inherited)",
				);
				GCC_WARN_64_TO_32_BIT_CONVERSION = YES;
				GCC_WARN_ABOUT_RETURN_TYPE = YES_ERROR;
				GCC_WARN_UNDECLARED_SELECTOR = YES;
				GCC_WARN_UNINITIALIZED_AUTOS = YES_AGGRESSIVE;
				GCC_WARN_UNUSED_FUNCTION = YES;
				GCC_WARN_UNUSED_VARIABLE = YES;
				IPHONEOS_DEPLOYMENT_TARGET = 15.4;
				MTL_ENABLE_DEBUG_INFO = INCLUDE_SOURCE;
				MTL_FAST_MATH = YES;
				ONLY_ACTIVE_ARCH = YES;
				SDKROOT = iphoneos;
				SWIFT_ACTIVE_COMPILATION_CONDITIONS = DEBUG;
				SWIFT_OPTIMIZATION_LEVEL = "-Onone";
			};
			name = Debug;
		};
		95CFCAE0281A1C0200C72123 /* Release */ = {
			isa = XCBuildConfiguration;
			buildSettings = {
				ALWAYS_SEARCH_USER_PATHS = NO;
				CLANG_ANALYZER_NONNULL = YES;
				CLANG_ANALYZER_NUMBER_OBJECT_CONVERSION = YES_AGGRESSIVE;
				CLANG_CXX_LANGUAGE_STANDARD = "gnu++17";
				CLANG_ENABLE_MODULES = YES;
				CLANG_ENABLE_OBJC_ARC = YES;
				CLANG_ENABLE_OBJC_WEAK = YES;
				CLANG_WARN_BLOCK_CAPTURE_AUTORELEASING = YES;
				CLANG_WARN_BOOL_CONVERSION = YES;
				CLANG_WARN_COMMA = YES;
				CLANG_WARN_CONSTANT_CONVERSION = YES;
				CLANG_WARN_DEPRECATED_OBJC_IMPLEMENTATIONS = YES;
				CLANG_WARN_DIRECT_OBJC_ISA_USAGE = YES_ERROR;
				CLANG_WARN_DOCUMENTATION_COMMENTS = YES;
				CLANG_WARN_EMPTY_BODY = YES;
				CLANG_WARN_ENUM_CONVERSION = YES;
				CLANG_WARN_INFINITE_RECURSION = YES;
				CLANG_WARN_INT_CONVERSION = YES;
				CLANG_WARN_NON_LITERAL_NULL_CONVERSION = YES;
				CLANG_WARN_OBJC_IMPLICIT_RETAIN_SELF = YES;
				CLANG_WARN_OBJC_LITERAL_CONVERSION = YES;
				CLANG_WARN_OBJC_ROOT_CLASS = YES_ERROR;
				CLANG_WARN_QUOTED_INCLUDE_IN_FRAMEWORK_HEADER = YES;
				CLANG_WARN_RANGE_LOOP_ANALYSIS = YES;
				CLANG_WARN_STRICT_PROTOTYPES = YES;
				CLANG_WARN_SUSPICIOUS_MOVE = YES;
				CLANG_WARN_UNGUARDED_AVAILABILITY = YES_AGGRESSIVE;
				CLANG_WARN_UNREACHABLE_CODE = YES;
				CLANG_WARN__DUPLICATE_METHOD_MATCH = YES;
				COPY_PHASE_STRIP = NO;
				DEBUG_INFORMATION_FORMAT = "dwarf-with-dsym";
				ENABLE_NS_ASSERTIONS = NO;
				ENABLE_STRICT_OBJC_MSGSEND = YES;
				GCC_C_LANGUAGE_STANDARD = gnu11;
				GCC_NO_COMMON_BLOCKS = YES;
				GCC_WARN_64_TO_32_BIT_CONVERSION = YES;
				GCC_WARN_ABOUT_RETURN_TYPE = YES_ERROR;
				GCC_WARN_UNDECLARED_SELECTOR = YES;
				GCC_WARN_UNINITIALIZED_AUTOS = YES_AGGRESSIVE;
				GCC_WARN_UNUSED_FUNCTION = YES;
				GCC_WARN_UNUSED_VARIABLE = YES;
				IPHONEOS_DEPLOYMENT_TARGET = 15.4;
				MTL_ENABLE_DEBUG_INFO = NO;
				MTL_FAST_MATH = YES;
				SDKROOT = iphoneos;
				SWIFT_COMPILATION_MODE = wholemodule;
				SWIFT_OPTIMIZATION_LEVEL = "-O";
				VALIDATE_PRODUCT = YES;
			};
			name = Release;
		};
		95CFCAE2281A1C0200C72123 /* Debug */ = {
			isa = XCBuildConfiguration;
			buildSettings = {
				ASSETCATALOG_COMPILER_APPICON_NAME = AppIcon;
				ASSETCATALOG_COMPILER_GLOBAL_ACCENT_COLOR_NAME = AccentColor;
				CODE_SIGN_STYLE = Automatic;
				CURRENT_PROJECT_VERSION = 1;
				DEVELOPMENT_ASSET_PATHS = "\"primary-detail-swift/Preview Content\"";
				ENABLE_PREVIEWS = YES;
				GENERATE_INFOPLIST_FILE = YES;
				INFOPLIST_KEY_UIApplicationSceneManifest_Generation = YES;
				INFOPLIST_KEY_UIApplicationSupportsIndirectInputEvents = YES;
				INFOPLIST_KEY_UILaunchScreen_Generation = YES;
				INFOPLIST_KEY_UISupportedInterfaceOrientations_iPad = "UIInterfaceOrientationPortrait UIInterfaceOrientationPortraitUpsideDown UIInterfaceOrientationLandscapeLeft UIInterfaceOrientationLandscapeRight";
				INFOPLIST_KEY_UISupportedInterfaceOrientations_iPhone = "UIInterfaceOrientationPortrait UIInterfaceOrientationLandscapeLeft UIInterfaceOrientationLandscapeRight";
				LD_RUNPATH_SEARCH_PATHS = (
					"$(inherited)",
					"@executable_path/Frameworks",
				);
				MARKETING_VERSION = 1.0;
				PRODUCT_BUNDLE_IDENTIFIER = "com.stevenzeck.primary-detail-swift";
				PRODUCT_NAME = "$(TARGET_NAME)";
				SWIFT_EMIT_LOC_STRINGS = YES;
				SWIFT_VERSION = 5.0;
				TARGETED_DEVICE_FAMILY = "1,2";
			};
			name = Debug;
		};
		95CFCAE3281A1C0200C72123 /* Release */ = {
			isa = XCBuildConfiguration;
			buildSettings = {
				ASSETCATALOG_COMPILER_APPICON_NAME = AppIcon;
				ASSETCATALOG_COMPILER_GLOBAL_ACCENT_COLOR_NAME = AccentColor;
				CODE_SIGN_STYLE = Automatic;
				CURRENT_PROJECT_VERSION = 1;
				DEVELOPMENT_ASSET_PATHS = "\"primary-detail-swift/Preview Content\"";
				ENABLE_PREVIEWS = YES;
				GENERATE_INFOPLIST_FILE = YES;
				INFOPLIST_KEY_UIApplicationSceneManifest_Generation = YES;
				INFOPLIST_KEY_UIApplicationSupportsIndirectInputEvents = YES;
				INFOPLIST_KEY_UILaunchScreen_Generation = YES;
				INFOPLIST_KEY_UISupportedInterfaceOrientations_iPad = "UIInterfaceOrientationPortrait UIInterfaceOrientationPortraitUpsideDown UIInterfaceOrientationLandscapeLeft UIInterfaceOrientationLandscapeRight";
				INFOPLIST_KEY_UISupportedInterfaceOrientations_iPhone = "UIInterfaceOrientationPortrait UIInterfaceOrientationLandscapeLeft UIInterfaceOrientationLandscapeRight";
				LD_RUNPATH_SEARCH_PATHS = (
					"$(inherited)",
					"@executable_path/Frameworks",
				);
				MARKETING_VERSION = 1.0;
				PRODUCT_BUNDLE_IDENTIFIER = "com.stevenzeck.primary-detail-swift";
				PRODUCT_NAME = "$(TARGET_NAME)";
				SWIFT_EMIT_LOC_STRINGS = YES;
				SWIFT_VERSION = 5.0;
				TARGETED_DEVICE_FAMILY = "1,2";
			};
			name = Release;
		};
		95CFCAE5281A1C0200C72123 /* Debug */ = {
			isa = XCBuildConfiguration;
			buildSettings = {
				ALWAYS_EMBED_SWIFT_STANDARD_LIBRARIES = YES;
				BUNDLE_LOADER = "$(TEST_HOST)";
				CODE_SIGN_STYLE = Automatic;
				CURRENT_PROJECT_VERSION = 1;
				GENERATE_INFOPLIST_FILE = YES;
				IPHONEOS_DEPLOYMENT_TARGET = 15.4;
				MARKETING_VERSION = 1.0;
				PRODUCT_BUNDLE_IDENTIFIER = "com.stevenzeck.primary-detail-swiftTests";
				PRODUCT_NAME = "$(TARGET_NAME)";
				SWIFT_EMIT_LOC_STRINGS = NO;
				SWIFT_VERSION = 5.0;
				TARGETED_DEVICE_FAMILY = "1,2";
				TEST_HOST = "$(BUILT_PRODUCTS_DIR)/primary-detail-swift.app/primary-detail-swift";
			};
			name = Debug;
		};
		95CFCAE6281A1C0200C72123 /* Release */ = {
			isa = XCBuildConfiguration;
			buildSettings = {
				ALWAYS_EMBED_SWIFT_STANDARD_LIBRARIES = YES;
				BUNDLE_LOADER = "$(TEST_HOST)";
				CODE_SIGN_STYLE = Automatic;
				CURRENT_PROJECT_VERSION = 1;
				GENERATE_INFOPLIST_FILE = YES;
				IPHONEOS_DEPLOYMENT_TARGET = 15.4;
				MARKETING_VERSION = 1.0;
				PRODUCT_BUNDLE_IDENTIFIER = "com.stevenzeck.primary-detail-swiftTests";
				PRODUCT_NAME = "$(TARGET_NAME)";
				SWIFT_EMIT_LOC_STRINGS = NO;
				SWIFT_VERSION = 5.0;
				TARGETED_DEVICE_FAMILY = "1,2";
				TEST_HOST = "$(BUILT_PRODUCTS_DIR)/primary-detail-swift.app/primary-detail-swift";
			};
			name = Release;
		};
		95CFCAE8281A1C0200C72123 /* Debug */ = {
			isa = XCBuildConfiguration;
			buildSettings = {
				ALWAYS_EMBED_SWIFT_STANDARD_LIBRARIES = YES;
				CODE_SIGN_STYLE = Automatic;
				CURRENT_PROJECT_VERSION = 1;
				GENERATE_INFOPLIST_FILE = YES;
				MARKETING_VERSION = 1.0;
				PRODUCT_BUNDLE_IDENTIFIER = "com.stevenzeck.primary-detail-swiftUITests";
				PRODUCT_NAME = "$(TARGET_NAME)";
				SWIFT_EMIT_LOC_STRINGS = NO;
				SWIFT_VERSION = 5.0;
				TARGETED_DEVICE_FAMILY = "1,2";
				TEST_TARGET_NAME = "primary-detail-swift";
			};
			name = Debug;
		};
		95CFCAE9281A1C0200C72123 /* Release */ = {
			isa = XCBuildConfiguration;
			buildSettings = {
				ALWAYS_EMBED_SWIFT_STANDARD_LIBRARIES = YES;
				CODE_SIGN_STYLE = Automatic;
				CURRENT_PROJECT_VERSION = 1;
				GENERATE_INFOPLIST_FILE = YES;
				MARKETING_VERSION = 1.0;
				PRODUCT_BUNDLE_IDENTIFIER = "com.stevenzeck.primary-detail-swiftUITests";
				PRODUCT_NAME = "$(TARGET_NAME)";
				SWIFT_EMIT_LOC_STRINGS = NO;
				SWIFT_VERSION = 5.0;
				TARGETED_DEVICE_FAMILY = "1,2";
				TEST_TARGET_NAME = "primary-detail-swift";
			};
			name = Release;
		};
/* End XCBuildConfiguration section */

/* Begin XCConfigurationList section */
		95CFCAB8281A1C0000C72123 /* Build configuration list for PBXProject "primary-detail-swift" */ = {
			isa = XCConfigurationList;
			buildConfigurations = (
				95CFCADF281A1C0200C72123 /* Debug */,
				95CFCAE0281A1C0200C72123 /* Release */,
			);
			defaultConfigurationIsVisible = 0;
			defaultConfigurationName = Release;
		};
		95CFCAE1281A1C0200C72123 /* Build configuration list for PBXNativeTarget "primary-detail-swift" */ = {
			isa = XCConfigurationList;
			buildConfigurations = (
				95CFCAE2281A1C0200C72123 /* Debug */,
				95CFCAE3281A1C0200C72123 /* Release */,
			);
			defaultConfigurationIsVisible = 0;
			defaultConfigurationName = Release;
		};
		95CFCAE4281A1C0200C72123 /* Build configuration list for PBXNativeTarget "primary-detail-swiftTests" */ = {
			isa = XCConfigurationList;
			buildConfigurations = (
				95CFCAE5281A1C0200C72123 /* Debug */,
				95CFCAE6281A1C0200C72123 /* Release */,
			);
			defaultConfigurationIsVisible = 0;
			defaultConfigurationName = Release;
		};
		95CFCAE7281A1C0200C72123 /* Build configuration list for PBXNativeTarget "primary-detail-swiftUITests" */ = {
			isa = XCConfigurationList;
			buildConfigurations = (
				95CFCAE8281A1C0200C72123 /* Debug */,
				95CFCAE9281A1C0200C72123 /* Release */,
			);
			defaultConfigurationIsVisible = 0;
			defaultConfigurationName = Release;
		};
/* End XCConfigurationList section */
	};
	rootObject = 95CFCAB5281A1C0000C72123 /* Project object */;
}
